
Microsoft Visual Studio Solution File, Format Version 12.00
# Visual Studio Version 16
VisualStudioVersion = 16.0.29806.167
MinimumVisualStudioVersion = 10.0.40219.1
Project("{FAE04EC0-301F-11D3-BF4B-00C04F79EFBC}") = "Vic.SportsStore.WebApp", "Vic.SportsStore.WebApp\Vic.SportsStore.WebApp.csproj", "{F75A7885-5689-4959-9942-0743D3FDCBD7}"
EndProject
Project("{FAE04EC0-301F-11D3-BF4B-00C04F79EFBC}") = "Vic.SportsStore.Domain", "Vic.SportsStore.Domain\Vic.SportsStore.Domain.csproj", "{2AA0CC50-5462-4EC7-8916-43E299118F89}"
EndProject
Global
	GlobalSection(SolutionConfigurationPlatforms) = preSolution
		Debug|Any CPU = Debug|Any CPU
		Release|Any CPU = Release|Any CPU
	EndGlobalSection
	GlobalSection(ProjectConfigurationPlatforms) = postSolution
		{F75A7885-5689-4959-9942-0743D3FDCBD7}.Debug|Any CPU.ActiveCfg = Debug|Any CPU
		{F75A7885-5689-4959-9942-0743D3FDCBD7}.Debug|Any CPU.Build.0 = Debug|Any CPU
		{F75A7885-5689-4959-9942-0743D3FDCBD7}.Release|Any CPU.ActiveCfg = Release|Any CPU
		{F75A7885-5689-4959-9942-0743D3FDCBD7}.Release|Any CPU.Build.0 = Release|Any CPU
		{2AA0CC50-5462-4EC7-8916-43E299118F89}.Debug|Any CPU.ActiveCfg = Debug|Any CPU
		{2AA0CC50-5462-4EC7-8916-43E299118F89}.Debug|Any CPU.Build.0 = Debug|Any CPU
		{2AA0CC50-5462-4EC7-8916-43E299118F89}.Release|Any CPU.ActiveCfg = Release|Any CPU
		{2AA0CC50-5462-4EC7-8916-43E299118F89}.Release|Any CPU.Build.0 = Release|Any CPU
	EndGlobalSection
	GlobalSection(SolutionProperties) = preSolution
		HideSolutionNode = FALSE
	EndGlobalSection
	GlobalSection(ExtensibilityGlobals) = postSolution
		SolutionGuid = {1E41D923-3B81-40EA-B751-8BA89589B3D4}
	EndGlobalSection
EndGlobal
